{
  "name": "gxpc",
  "version": "1.0.0",
  "lockfileVersion": 3,
  "requires": true,
  "packages": {
    "": {
      "name": "gxpc",
      "version": "1.0.0",
      "license": "ISC",
      "dependencies": {
        "frida-objc-bridge": "^8.0.4"
      }
    },
    "node_modules/frida-objc-bridge": {
      "version": "8.0.4",
      "resolved": "https://registry.npmjs.org/frida-objc-bridge/-/frida-objc-bridge-8.0.4.tgz",
      "integrity": "sha512-AUzwq/+TFtblQLTI97UPX22pBcvyG2oUde9380DXbcJ0zXts4n9JDVONHUr03aBowa0Le+bdBoVdCs7jyyjvlg==",
      "license": "LGPL-2.0 WITH WxWindows-exception-3.1"
    }
  }
}
